
Microsoft Visual Studio Solution File, Format Version 12.00
# Visual Studio Version 16
VisualStudioVersion = 16.0.31911.196
MinimumVisualStudioVersion = 10.0.40219.1
Project("{FAE04EC0-301F-11D3-BF4B-00C04F79EFBC}") = "GenericsDemo", "GenericsDemo\GenericsDemo.csproj", "{B079B580-5E8B-40D7-B947-DF9BC196FF3F}"
EndProject
Global
	GlobalSection(SolutionConfigurationPlatforms) = preSolution
		Debug|Any CPU = Debug|Any CPU
		Release|Any CPU = Release|Any CPU
	EndGlobalSection
	GlobalSection(ProjectConfigurationPlatforms) = postSolution
		{B079B580-5E8B-40D7-B947-DF9BC196FF3F}.Debug|Any CPU.ActiveCfg = Debug|Any CPU
		{B079B580-5E8B-40D7-B947-DF9BC196FF3F}.Debug|Any CPU.Build.0 = Debug|Any CPU
		{B079B580-5E8B-40D7-B947-DF9BC196FF3F}.Release|Any CPU.ActiveCfg = Release|Any CPU
		{B079B580-5E8B-40D7-B947-DF9BC196FF3F}.Release|Any CPU.Build.0 = Release|Any CPU
	EndGlobalSection
	GlobalSection(SolutionProperties) = preSolution
		HideSolutionNode = FALSE
	EndGlobalSection
	GlobalSection(ExtensibilityGlobals) = postSolution
		SolutionGuid = {08325C6F-1ECC-45D7-933C-0B8B64A152E4}
	EndGlobalSection
EndGlobal
