
Microsoft Visual Studio Solution File, Format Version 12.00
# Visual Studio Version 16
VisualStudioVersion = 16.0.31911.196
MinimumVisualStudioVersion = 10.0.40219.1
Project("{FAE04EC0-301F-11D3-BF4B-00C04F79EFBC}") = "DataStructureStack", "DataStructureStack\DataStructureStack.csproj", "{658ECE19-5376-4225-9DD8-63929B5826C8}"
EndProject
Global
	GlobalSection(SolutionConfigurationPlatforms) = preSolution
		Debug|Any CPU = Debug|Any CPU
		Release|Any CPU = Release|Any CPU
	EndGlobalSection
	GlobalSection(ProjectConfigurationPlatforms) = postSolution
		{658ECE19-5376-4225-9DD8-63929B5826C8}.Debug|Any CPU.ActiveCfg = Debug|Any CPU
		{658ECE19-5376-4225-9DD8-63929B5826C8}.Debug|Any CPU.Build.0 = Debug|Any CPU
		{658ECE19-5376-4225-9DD8-63929B5826C8}.Release|Any CPU.ActiveCfg = Release|Any CPU
		{658ECE19-5376-4225-9DD8-63929B5826C8}.Release|Any CPU.Build.0 = Release|Any CPU
	EndGlobalSection
	GlobalSection(SolutionProperties) = preSolution
		HideSolutionNode = FALSE
	EndGlobalSection
	GlobalSection(ExtensibilityGlobals) = postSolution
		SolutionGuid = {B79AD8F1-4419-4548-9C69-CA11DB191F63}
	EndGlobalSection
EndGlobal
